
Microsoft Visual Studio Solution File, Format Version 12.00
# Visual Studio Version 17
VisualStudioVersion = 17.13.35825.156 d17.13
MinimumVisualStudioVersion = 10.0.40219.1
Project("{FAE04EC0-301F-11D3-BF4B-00C04F79EFBC}") = "Fight", "Fight\Fight.csproj", "{F54A9920-D313-4503-A6A9-ACAC4951A36D}"
EndProject
Global
	GlobalSection(SolutionConfigurationPlatforms) = preSolution
		Debug|Any CPU = Debug|Any CPU
		Release|Any CPU = Release|Any CPU
	EndGlobalSection
	GlobalSection(ProjectConfigurationPlatforms) = postSolution
		{F54A9920-D313-4503-A6A9-ACAC4951A36D}.Debug|Any CPU.ActiveCfg = Debug|Any CPU
		{F54A9920-D313-4503-A6A9-ACAC4951A36D}.Debug|Any CPU.Build.0 = Debug|Any CPU
		{F54A9920-D313-4503-A6A9-ACAC4951A36D}.Release|Any CPU.ActiveCfg = Release|Any CPU
		{F54A9920-D313-4503-A6A9-ACAC4951A36D}.Release|Any CPU.Build.0 = Release|Any CPU
	EndGlobalSection
	GlobalSection(SolutionProperties) = preSolution
		HideSolutionNode = FALSE
	EndGlobalSection
	GlobalSection(ExtensibilityGlobals) = postSolution
		SolutionGuid = {343011D0-FCA4-402C-B843-B8FD1F8944E1}
	EndGlobalSection
EndGlobal
